
Microsoft Visual Studio Solution File, Format Version 12.00
# Visual Studio Version 16
VisualStudioVersion = 16.0.29418.71
MinimumVisualStudioVersion = 10.0.40219.1
Project("{9A19103F-16F7-4668-BE54-9A1E7A4F7556}") = "WebApplication1", "WebApplication1.csproj", "{59495149-F62E-4E38-9898-32C6610A81EE}"
EndProject
Project("{FAE04EC0-301F-11D3-BF4B-00C04F79EFBC}") = "NUnitTestProject1", "..\NUnitTestProject1\NUnitTestProject1.csproj", "{98E4A22C-FB9C-4857-9815-2A7D3911F39E}"
EndProject
Global
	GlobalSection(SolutionConfigurationPlatforms) = preSolution
		Debug|Any CPU = Debug|Any CPU
		Release|Any CPU = Release|Any CPU
	EndGlobalSection
	GlobalSection(ProjectConfigurationPlatforms) = postSolution
		{59495149-F62E-4E38-9898-32C6610A81EE}.Debug|Any CPU.ActiveCfg = Debug|Any CPU
		{59495149-F62E-4E38-9898-32C6610A81EE}.Debug|Any CPU.Build.0 = Debug|Any CPU
		{59495149-F62E-4E38-9898-32C6610A81EE}.Release|Any CPU.ActiveCfg = Release|Any CPU
		{59495149-F62E-4E38-9898-32C6610A81EE}.Release|Any CPU.Build.0 = Release|Any CPU
		{98E4A22C-FB9C-4857-9815-2A7D3911F39E}.Debug|Any CPU.ActiveCfg = Debug|Any CPU
		{98E4A22C-FB9C-4857-9815-2A7D3911F39E}.Debug|Any CPU.Build.0 = Debug|Any CPU
		{98E4A22C-FB9C-4857-9815-2A7D3911F39E}.Release|Any CPU.ActiveCfg = Release|Any CPU
		{98E4A22C-FB9C-4857-9815-2A7D3911F39E}.Release|Any CPU.Build.0 = Release|Any CPU
	EndGlobalSection
	GlobalSection(SolutionProperties) = preSolution
		HideSolutionNode = FALSE
	EndGlobalSection
	GlobalSection(ExtensibilityGlobals) = postSolution
		SolutionGuid = {5CA220B4-A4F8-4A3A-A092-2DB99EDDEE16}
	EndGlobalSection
EndGlobal
